
Microsoft Visual Studio Solution File, Format Version 12.00
# Visual Studio Version 17
VisualStudioVersion = 17.9.34728.123
MinimumVisualStudioVersion = 10.0.40219.1
Project("{FAE04EC0-301F-11D3-BF4B-00C04F79EFBC}") = "U1U2Taller_ELIASCANDO", "U1U2Taller_ELIASCANDO\U1U2Taller_ELIASCANDO.csproj", "{9616493D-D7E5-4749-B8BE-45D9183A664C}"
EndProject
Global
	GlobalSection(SolutionConfigurationPlatforms) = preSolution
		Debug|Any CPU = Debug|Any CPU
		Release|Any CPU = Release|Any CPU
	EndGlobalSection
	GlobalSection(ProjectConfigurationPlatforms) = postSolution
		{9616493D-D7E5-4749-B8BE-45D9183A664C}.Debug|Any CPU.ActiveCfg = Debug|Any CPU
		{9616493D-D7E5-4749-B8BE-45D9183A664C}.Debug|Any CPU.Build.0 = Debug|Any CPU
		{9616493D-D7E5-4749-B8BE-45D9183A664C}.Release|Any CPU.ActiveCfg = Release|Any CPU
		{9616493D-D7E5-4749-B8BE-45D9183A664C}.Release|Any CPU.Build.0 = Release|Any CPU
	EndGlobalSection
	GlobalSection(SolutionProperties) = preSolution
		HideSolutionNode = FALSE
	EndGlobalSection
	GlobalSection(ExtensibilityGlobals) = postSolution
		SolutionGuid = {C957A2A0-A9FE-491D-A1AD-B85321878DF1}
	EndGlobalSection
EndGlobal
